{
  "name": "van-cone",
  "version": "0.0.5",
  "lockfileVersion": 3,
  "requires": true,
  "packages": {
    "": {
      "name": "van-cone",
      "version": "0.0.5",
      "license": "MIT",
      "devDependencies": {
        "@types/node": "^20.10.6"
      },
      "peerDependencies": {
        "vanjs-core": "^1.2.1"
      }
    },
    "node_modules/@types/node": {
      "version": "20.10.8",
      "resolved": "https://registry.npmjs.org/@types/node/-/node-20.10.8.tgz",
      "integrity": "sha512-f8nQs3cLxbAFc00vEU59yf9UyGUftkPaLGfvbVOIDdx2i1b8epBqj2aNGyP19fiyXWvlmZ7qC1XLjAzw/OKIeA==",
      "dev": true,
      "dependencies": {
        "undici-types": "~5.26.4"
      }
    },
    "node_modules/undici-types": {
      "version": "5.26.5",
      "resolved": "https://registry.npmjs.org/undici-types/-/undici-types-5.26.5.tgz",
      "integrity": "sha512-JlCMO+ehdEIKqlFxk6IfVoAUVmgz7cU7zD/h9XZ0qzeosSHmUJVOzSQvvYSYWXkFXC+IfLKSIffhv0sVZup6pA==",
      "dev": true
    },
    "node_modules/vanjs-core": {
      "version": "1.2.7",
      "resolved": "https://registry.npmjs.org/vanjs-core/-/vanjs-core-1.2.7.tgz",
      "integrity": "sha512-NXZg+kf4OmhTTuTnBiCT6uRqeJiKmKSZLWxvGFmBl8Ho648J+GJZJAHB4cu40rcwJDJEH3Xwe8JjquMpa9zxEQ==",
      "peer": true
    }
  }
}
